
Microsoft Visual Studio Solution File, Format Version 12.00
# Visual Studio Version 16
VisualStudioVersion = 16.0.31702.278
MinimumVisualStudioVersion = 10.0.40219.1
Project("{FAE04EC0-301F-11D3-BF4B-00C04F79EFBC}") = "Task1_Tower", "Task1_Tower\Task1_Tower.csproj", "{5E19E708-3CF7-4144-8ADF-C7E01A77CC1E}"
EndProject
Global
	GlobalSection(SolutionConfigurationPlatforms) = preSolution
		Debug|Any CPU = Debug|Any CPU
		Release|Any CPU = Release|Any CPU
	EndGlobalSection
	GlobalSection(ProjectConfigurationPlatforms) = postSolution
		{5E19E708-3CF7-4144-8ADF-C7E01A77CC1E}.Debug|Any CPU.ActiveCfg = Debug|Any CPU
		{5E19E708-3CF7-4144-8ADF-C7E01A77CC1E}.Debug|Any CPU.Build.0 = Debug|Any CPU
		{5E19E708-3CF7-4144-8ADF-C7E01A77CC1E}.Release|Any CPU.ActiveCfg = Release|Any CPU
		{5E19E708-3CF7-4144-8ADF-C7E01A77CC1E}.Release|Any CPU.Build.0 = Release|Any CPU
	EndGlobalSection
	GlobalSection(SolutionProperties) = preSolution
		HideSolutionNode = FALSE
	EndGlobalSection
	GlobalSection(ExtensibilityGlobals) = postSolution
		SolutionGuid = {6D606133-44DD-474A-A9E4-32BBEAADC7BB}
	EndGlobalSection
EndGlobal
